
Microsoft Visual Studio Solution File, Format Version 12.00
# Visual Studio Version 16
VisualStudioVersion = 16.0.31025.194
MinimumVisualStudioVersion = 10.0.40219.1
Project("{9A19103F-16F7-4668-BE54-9A1E7A4F7556}") = "CS066RucickoveHodiny", "CS066RucickoveHodiny\CS066RucickoveHodiny.csproj", "{CF381618-BB86-4CC1-B94A-718543B35814}"
EndProject
Global
	GlobalSection(SolutionConfigurationPlatforms) = preSolution
		Debug|Any CPU = Debug|Any CPU
		Release|Any CPU = Release|Any CPU
	EndGlobalSection
	GlobalSection(ProjectConfigurationPlatforms) = postSolution
		{CF381618-BB86-4CC1-B94A-718543B35814}.Debug|Any CPU.ActiveCfg = Debug|Any CPU
		{CF381618-BB86-4CC1-B94A-718543B35814}.Debug|Any CPU.Build.0 = Debug|Any CPU
		{CF381618-BB86-4CC1-B94A-718543B35814}.Release|Any CPU.ActiveCfg = Release|Any CPU
		{CF381618-BB86-4CC1-B94A-718543B35814}.Release|Any CPU.Build.0 = Release|Any CPU
	EndGlobalSection
	GlobalSection(SolutionProperties) = preSolution
		HideSolutionNode = FALSE
	EndGlobalSection
	GlobalSection(ExtensibilityGlobals) = postSolution
		SolutionGuid = {3AF7B70F-8B69-4B4B-B763-D25D48A9ED43}
	EndGlobalSection
EndGlobal
